{
  "name": "cordova-plugin-local-notification",
  "version": "1.1.2-dev",
  "lockfileVersion": 3,
  "requires": true,
  "packages": {
    "": {
      "name": "cordova-plugin-local-notification",
      "version": "1.1.2-dev",
      "license": "Apache 2.0",
      "engines": {
        "cordovaDependencies": {
          "0.9.0-beta.3": {
            "cordova": ">=3.6.0",
            "cordova-android": ">=6.0.0",
            "cordova-ios": ">=4.3.0",
            "cordova-plugin-device": ">=2.0.0"
          },
          "1.0.0": {
            "cordova": ">=12.0.0",
            "cordova-android": ">=13.0.0",
            "cordova-ios": ">=7.0.0",
            "cordova-plugin-device": ">=3.0.0"
          }
        }
      },
      "funding": {
        "url": "https://github.com/sponsors/GitToTheHub"
      }
    }
  }
}
