// !$*UTF8*$!
{
	archiveVersion = 1;
	classes = {
	};
	objectVersion = 46;
	objects = {

/* Begin PBXBuildFile section */
		30193A501AE6350A0069A75F /* CDVUIWebViewNavigationDelegate.m in Sources */ = {isa = PBXBuildFile; fileRef = 30193A4E1AE6350A0069A75F /* CDVUIWebViewNavigationDelegate.m */; };
		30193A511AE6350A0069A75F /* CDVUIWebViewNavigationDelegate.h in Headers */ = {isa = PBXBuildFile; fileRef = 30193A4F1AE6350A0069A75F /* CDVUIWebViewNavigationDelegate.h */; };
		3093E2231B16D6A3003F381A /* CDVIntentAndNavigationFilter.h in Headers */ = {isa = PBXBuildFile; fileRef = 3093E2211B16D6A3003F381A /* CDVIntentAndNavigationFilter.h */; };
		3093E2241B16D6A3003F381A /* CDVIntentAndNavigationFilter.m in Sources */ = {isa = PBXBuildFile; fileRef = 3093E2221B16D6A3003F381A /* CDVIntentAndNavigationFilter.m */; };
		7E7F69B61ABA35D8007546F4 /* CDVLocalStorage.h in Headers */ = {isa = PBXBuildFile; fileRef = 7ED95CFB1AB9028C008C4574 /* CDVLocalStorage.h */; };
		7E7F69B81ABA368F007546F4 /* CDVUIWebViewEngine.h in Headers */ = {isa = PBXBuildFile; fileRef = 7ED95D001AB9028C008C4574 /* CDVUIWebViewEngine.h */; };
		7E7F69B91ABA3692007546F4 /* CDVHandleOpenURL.h in Headers */ = {isa = PBXBuildFile; fileRef = 7ED95CF81AB9028C008C4574 /* CDVHandleOpenURL.h */; };
		7ED95D021AB9028C008C4574 /* CDVDebug.h in Headers */ = {isa = PBXBuildFile; fileRef = 7ED95CF21AB9028C008C4574 /* CDVDebug.h */; };
		7ED95D031AB9028C008C4574 /* CDVJSON_private.h in Headers */ = {isa = PBXBuildFile; fileRef = 7ED95CF31AB9028C008C4574 /* CDVJSON_private.h */; };
		7ED95D041AB9028C008C4574 /* CDVJSON_private.m in Sources */ = {isa = PBXBuildFile; fileRef = 7ED95CF41AB9028C008C4574 /* CDVJSON_private.m */; };
		7ED95D051AB9028C008C4574 /* CDVPlugin+Private.h in Headers */ = {isa = PBXBuildFile; fileRef = 7ED95CF51AB9028C008C4574 /* CDVPlugin+Private.h */; };
		7ED95D071AB9028C008C4574 /* CDVHandleOpenURL.m in Sources */ = {isa = PBXBuildFile; fileRef = 7ED95CF91AB9028C008C4574 /* CDVHandleOpenURL.m */; };
		7ED95D091AB9028C008C4574 /* CDVLocalStorage.m in Sources */ = {isa = PBXBuildFile; fileRef = 7ED95CFC1AB9028C008C4574 /* CDVLocalStorage.m */; };
		7ED95D0A1AB9028C008C4574 /* CDVUIWebViewDelegate.h in Headers */ = {isa = PBXBuildFile; fileRef = 7ED95CFE1AB9028C008C4574 /* CDVUIWebViewDelegate.h */; settings = {ATTRIBUTES = (Public, ); }; };
		7ED95D0B1AB9028C008C4574 /* CDVUIWebViewDelegate.m in Sources */ = {isa = PBXBuildFile; fileRef = 7ED95CFF1AB9028C008C4574 /* CDVUIWebViewDelegate.m */; };
		7ED95D0D1AB9028C008C4574 /* CDVUIWebViewEngine.m in Sources */ = {isa = PBXBuildFile; fileRef = 7ED95D011AB9028C008C4574 /* CDVUIWebViewEngine.m */; };
		7ED95D351AB9029B008C4574 /* CDV.h in Headers */ = {isa = PBXBuildFile; fileRef = 7ED95D0F1AB9029B008C4574 /* CDV.h */; settings = {ATTRIBUTES = (Public, ); }; };
		7ED95D361AB9029B008C4574 /* CDVAppDelegate.h in Headers */ = {isa = PBXBuildFile; fileRef = 7ED95D101AB9029B008C4574 /* CDVAppDelegate.h */; settings = {ATTRIBUTES = (Public, ); }; };
		7ED95D371AB9029B008C4574 /* CDVAppDelegate.m in Sources */ = {isa = PBXBuildFile; fileRef = 7ED95D111AB9029B008C4574 /* CDVAppDelegate.m */; };
		7ED95D381AB9029B008C4574 /* CDVAvailability.h in Headers */ = {isa = PBXBuildFile; fileRef = 7ED95D121AB9029B008C4574 /* CDVAvailability.h */; settings = {ATTRIBUTES = (Public, ); }; };
		7ED95D391AB9029B008C4574 /* CDVAvailabilityDeprecated.h in Headers */ = {isa = PBXBuildFile; fileRef = 7ED95D131AB9029B008C4574 /* CDVAvailabilityDeprecated.h */; settings = {ATTRIBUTES = (Public, ); }; };
		7ED95D3A1AB9029B008C4574 /* CDVCommandDelegate.h in Headers */ = {isa = PBXBuildFile; fileRef = 7ED95D141AB9029B008C4574 /* CDVCommandDelegate.h */; settings = {ATTRIBUTES = (Public, ); }; };
		7ED95D3B1AB9029B008C4574 /* CDVCommandDelegateImpl.h in Headers */ = {isa = PBXBuildFile; fileRef = 7ED95D151AB9029B008C4574 /* CDVCommandDelegateImpl.h */; settings = {ATTRIBUTES = (Public, ); }; };
		7ED95D3C1AB9029B008C4574 /* CDVCommandDelegateImpl.m in Sources */ = {isa = PBXBuildFile; fileRef = 7ED95D161AB9029B008C4574 /* CDVCommandDelegateImpl.m */; };
		7ED95D3D1AB9029B008C4574 /* CDVCommandQueue.h in Headers */ = {isa = PBXBuildFile; fileRef = 7ED95D171AB9029B008C4574 /* CDVCommandQueue.h */; settings = {ATTRIBUTES = (Public, ); }; };
		7ED95D3E1AB9029B008C4574 /* CDVCommandQueue.m in Sources */ = {isa = PBXBuildFile; fileRef = 7ED95D181AB9029B008C4574 /* CDVCommandQueue.m */; };
		7ED95D3F1AB9029B008C4574 /* CDVConfigParser.h in Headers */ = {isa = PBXBuildFile; fileRef = 7ED95D191AB9029B008C4574 /* CDVConfigParser.h */; settings = {ATTRIBUTES = (Public, ); }; };
		7ED95D401AB9029B008C4574 /* CDVConfigParser.m in Sources */ = {isa = PBXBuildFile; fileRef = 7ED95D1A1AB9029B008C4574 /* CDVConfigParser.m */; };
		7ED95D411AB9029B008C4574 /* CDVInvokedUrlCommand.h in Headers */ = {isa = PBXBuildFile; fileRef = 7ED95D1B1AB9029B008C4574 /* CDVInvokedUrlCommand.h */; settings = {ATTRIBUTES = (Public, ); }; };
		7ED95D421AB9029B008C4574 /* CDVInvokedUrlCommand.m in Sources */ = {isa = PBXBuildFile; fileRef = 7ED95D1C1AB9029B008C4574 /* CDVInvokedUrlCommand.m */; };
		7ED95D431AB9029B008C4574 /* CDVPlugin+Resources.h in Headers */ = {isa = PBXBuildFile; fileRef = 7ED95D1D1AB9029B008C4574 /* CDVPlugin+Resources.h */; settings = {ATTRIBUTES = (Public, ); }; };
		7ED95D441AB9029B008C4574 /* CDVPlugin+Resources.m in Sources */ = {isa = PBXBuildFile; fileRef = 7ED95D1E1AB9029B008C4574 /* CDVPlugin+Resources.m */; };
		7ED95D451AB9029B008C4574 /* CDVPlugin.h in Headers */ = {isa = PBXBuildFile; fileRef = 7ED95D1F1AB9029B008C4574 /* CDVPlugin.h */; settings = {ATTRIBUTES = (Public, ); }; };
		7ED95D461AB9029B008C4574 /* CDVPlugin.m in Sources */ = {isa = PBXBuildFile; fileRef = 7ED95D201AB9029B008C4574 /* CDVPlugin.m */; };
		7ED95D471AB9029B008C4574 /* CDVPluginResult.h in Headers */ = {isa = PBXBuildFile; fileRef = 7ED95D211AB9029B008C4574 /* CDVPluginResult.h */; settings = {ATTRIBUTES = (Public, ); }; };
		7ED95D481AB9029B008C4574 /* CDVPluginResult.m in Sources */ = {isa = PBXBuildFile; fileRef = 7ED95D221AB9029B008C4574 /* CDVPluginResult.m */; };
		7ED95D491AB9029B008C4574 /* CDVScreenOrientationDelegate.h in Headers */ = {isa = PBXBuildFile; fileRef = 7ED95D231AB9029B008C4574 /* CDVScreenOrientationDelegate.h */; settings = {ATTRIBUTES = (Public, ); }; };
		7ED95D4A1AB9029B008C4574 /* CDVTimer.h in Headers */ = {isa = PBXBuildFile; fileRef = 7ED95D241AB9029B008C4574 /* CDVTimer.h */; settings = {ATTRIBUTES = (Public, ); }; };
		7ED95D4B1AB9029B008C4574 /* CDVTimer.m in Sources */ = {isa = PBXBuildFile; fileRef = 7ED95D251AB9029B008C4574 /* CDVTimer.m */; };
		7ED95D4C1AB9029B008C4574 /* CDVURLProtocol.h in Headers */ = {isa = PBXBuildFile; fileRef = 7ED95D261AB9029B008C4574 /* CDVURLProtocol.h */; settings = {ATTRIBUTES = (Public, ); }; };
		7ED95D4D1AB9029B008C4574 /* CDVURLProtocol.m in Sources */ = {isa = PBXBuildFile; fileRef = 7ED95D271AB9029B008C4574 /* CDVURLProtocol.m */; };
		7ED95D4E1AB9029B008C4574 /* CDVUserAgentUtil.h in Headers */ = {isa = PBXBuildFile; fileRef = 7ED95D281AB9029B008C4574 /* CDVUserAgentUtil.h */; settings = {ATTRIBUTES = (Public, ); }; };
		7ED95D4F1AB9029B008C4574 /* CDVUserAgentUtil.m in Sources */ = {isa = PBXBuildFile; fileRef = 7ED95D291AB9029B008C4574 /* CDVUserAgentUtil.m */; };
		7ED95D501AB9029B008C4574 /* CDVViewController.h in Headers */ = {isa = PBXBuildFile; fileRef = 7ED95D2A1AB9029B008C4574 /* CDVViewController.h */; settings = {ATTRIBUTES = (Public, ); }; };
		7ED95D511AB9029B008C4574 /* CDVViewController.m in Sources */ = {isa = PBXBuildFile; fileRef = 7ED95D2B1AB9029B008C4574 /* CDVViewController.m */; };
		7ED95D521AB9029B008C4574 /* CDVWebViewEngineProtocol.h in Headers */ = {isa = PBXBuildFile; fileRef = 7ED95D2C1AB9029B008C4574 /* CDVWebViewEngineProtocol.h */; settings = {ATTRIBUTES = (Public, ); }; };
		7ED95D531AB9029B008C4574 /* CDVWhitelist.h in Headers */ = {isa = PBXBuildFile; fileRef = 7ED95D2D1AB9029B008C4574 /* CDVWhitelist.h */; settings = {ATTRIBUTES = (Public, ); }; };
		7ED95D541AB9029B008C4574 /* CDVWhitelist.m in Sources */ = {isa = PBXBuildFile; fileRef = 7ED95D2E1AB9029B008C4574 /* CDVWhitelist.m */; };
		7ED95D571AB9029B008C4574 /* NSDictionary+CordovaPreferences.h in Headers */ = {isa = PBXBuildFile; fileRef = 7ED95D311AB9029B008C4574 /* NSDictionary+CordovaPreferences.h */; settings = {ATTRIBUTES = (Public, ); }; };
		7ED95D581AB9029B008C4574 /* NSDictionary+CordovaPreferences.m in Sources */ = {isa = PBXBuildFile; fileRef = 7ED95D321AB9029B008C4574 /* NSDictionary+CordovaPreferences.m */; };
		7ED95D591AB9029B008C4574 /* NSMutableArray+QueueAdditions.h in Headers */ = {isa = PBXBuildFile; fileRef = 7ED95D331AB9029B008C4574 /* NSMutableArray+QueueAdditions.h */; settings = {ATTRIBUTES = (Public, ); }; };
		7ED95D5A1AB9029B008C4574 /* NSMutableArray+QueueAdditions.m in Sources */ = {isa = PBXBuildFile; fileRef = 7ED95D341AB9029B008C4574 /* NSMutableArray+QueueAdditions.m */; };
		A3B082D41BB15CEA00D8DC35 /* CDVGestureHandler.h in Headers */ = {isa = PBXBuildFile; fileRef = A3B082D21BB15CEA00D8DC35 /* CDVGestureHandler.h */; };
		A3B082D51BB15CEA00D8DC35 /* CDVGestureHandler.m in Sources */ = {isa = PBXBuildFile; fileRef = A3B082D31BB15CEA00D8DC35 /* CDVGestureHandler.m */; };
/* End PBXBuildFile section */

/* Begin PBXFileReference section */
		30193A4E1AE6350A0069A75F /* CDVUIWebViewNavigationDelegate.m */ = {isa = PBXFileReference; fileEncoding = 4; lastKnownFileType = sourcecode.c.objc; path = CDVUIWebViewNavigationDelegate.m; sourceTree = "<group>"; };
		30193A4F1AE6350A0069A75F /* CDVUIWebViewNavigationDelegate.h */ = {isa = PBXFileReference; fileEncoding = 4; lastKnownFileType = sourcecode.c.h; path = CDVUIWebViewNavigationDelegate.h; sourceTree = "<group>"; };
		30325A0B136B343700982B63 /* VERSION */ = {isa = PBXFileReference; fileEncoding = 4; lastKnownFileType = text; path = VERSION; sourceTree = "<group>"; };
		3093E2211B16D6A3003F381A /* CDVIntentAndNavigationFilter.h */ = {isa = PBXFileReference; fileEncoding = 4; lastKnownFileType = sourcecode.c.h; path = CDVIntentAndNavigationFilter.h; sourceTree = "<group>"; };
		3093E2221B16D6A3003F381A /* CDVIntentAndNavigationFilter.m */ = {isa = PBXFileReference; fileEncoding = 4; lastKnownFileType = sourcecode.c.objc; path = CDVIntentAndNavigationFilter.m; sourceTree = "<group>"; };
		68A32D7114102E1C006B237C /* libCordova.a */ = {isa = PBXFileReference; explicitFileType = archive.ar; includeInIndex = 0; path = libCordova.a; sourceTree = BUILT_PRODUCTS_DIR; };
		7ED95CF21AB9028C008C4574 /* CDVDebug.h */ = {isa = PBXFileReference; fileEncoding = 4; lastKnownFileType = sourcecode.c.h; path = CDVDebug.h; sourceTree = "<group>"; };
		7ED95CF31AB9028C008C4574 /* CDVJSON_private.h */ = {isa = PBXFileReference; fileEncoding = 4; lastKnownFileType = sourcecode.c.h; path = CDVJSON_private.h; sourceTree = "<group>"; };
		7ED95CF41AB9028C008C4574 /* CDVJSON_private.m */ = {isa = PBXFileReference; fileEncoding = 4; lastKnownFileType = sourcecode.c.objc; path = CDVJSON_private.m; sourceTree = "<group>"; };
		7ED95CF51AB9028C008C4574 /* CDVPlugin+Private.h */ = {isa = PBXFileReference; fileEncoding = 4; lastKnownFileType = sourcecode.c.h; path = "CDVPlugin+Private.h"; sourceTree = "<group>"; };
		7ED95CF81AB9028C008C4574 /* CDVHandleOpenURL.h */ = {isa = PBXFileReference; fileEncoding = 4; lastKnownFileType = sourcecode.c.h; path = CDVHandleOpenURL.h; sourceTree = "<group>"; };
		7ED95CF91AB9028C008C4574 /* CDVHandleOpenURL.m */ = {isa = PBXFileReference; fileEncoding = 4; lastKnownFileType = sourcecode.c.objc; path = CDVHandleOpenURL.m; sourceTree = "<group>"; };
		7ED95CFB1AB9028C008C4574 /* CDVLocalStorage.h */ = {isa = PBXFileReference; fileEncoding = 4; lastKnownFileType = sourcecode.c.h; path = CDVLocalStorage.h; sourceTree = "<group>"; };
		7ED95CFC1AB9028C008C4574 /* CDVLocalStorage.m */ = {isa = PBXFileReference; fileEncoding = 4; lastKnownFileType = sourcecode.c.objc; path = CDVLocalStorage.m; sourceTree = "<group>"; };
		7ED95CFE1AB9028C008C4574 /* CDVUIWebViewDelegate.h */ = {isa = PBXFileReference; fileEncoding = 4; lastKnownFileType = sourcecode.c.h; path = CDVUIWebViewDelegate.h; sourceTree = "<group>"; };
		7ED95CFF1AB9028C008C4574 /* CDVUIWebViewDelegate.m */ = {isa = PBXFileReference; fileEncoding = 4; lastKnownFileType = sourcecode.c.objc; path = CDVUIWebViewDelegate.m; sourceTree = "<group>"; };
		7ED95D001AB9028C008C4574 /* CDVUIWebViewEngine.h */ = {isa = PBXFileReference; fileEncoding = 4; lastKnownFileType = sourcecode.c.h; path = CDVUIWebViewEngine.h; sourceTree = "<group>"; };
		7ED95D011AB9028C008C4574 /* CDVUIWebViewEngine.m */ = {isa = PBXFileReference; fileEncoding = 4; lastKnownFileType = sourcecode.c.objc; path = CDVUIWebViewEngine.m; sourceTree = "<group>"; };
		7ED95D0F1AB9029B008C4574 /* CDV.h */ = {isa = PBXFileReference; fileEncoding = 4; lastKnownFileType = sourcecode.c.h; path = CDV.h; sourceTree = "<group>"; };
		7ED95D101AB9029B008C4574 /* CDVAppDelegate.h */ = {isa = PBXFileReference; fileEncoding = 4; lastKnownFileType = sourcecode.c.h; path = CDVAppDelegate.h; sourceTree = "<group>"; };
		7ED95D111AB9029B008C4574 /* CDVAppDelegate.m */ = {isa = PBXFileReference; fileEncoding = 4; lastKnownFileType = sourcecode.c.objc; path = CDVAppDelegate.m; sourceTree = "<group>"; };
		7ED95D121AB9029B008C4574 /* CDVAvailability.h */ = {isa = PBXFileReference; fileEncoding = 4; lastKnownFileType = sourcecode.c.h; path = CDVAvailability.h; sourceTree = "<group>"; };
		7ED95D131AB9029B008C4574 /* CDVAvailabilityDeprecated.h */ = {isa = PBXFileReference; fileEncoding = 4; lastKnownFileType = sourcecode.c.h; path = CDVAvailabilityDeprecated.h; sourceTree = "<group>"; };
		7ED95D141AB9029B008C4574 /* CDVCommandDelegate.h */ = {isa = PBXFileReference; fileEncoding = 4; lastKnownFileType = sourcecode.c.h; path = CDVCommandDelegate.h; sourceTree = "<group>"; };
		7ED95D151AB9029B008C4574 /* CDVCommandDelegateImpl.h */ = {isa = PBXFileReference; fileEncoding = 4; lastKnownFileType = sourcecode.c.h; path = CDVCommandDelegateImpl.h; sourceTree = "<group>"; };
		7ED95D161AB9029B008C4574 /* CDVCommandDelegateImpl.m */ = {isa = PBXFileReference; fileEncoding = 4; lastKnownFileType = sourcecode.c.objc; path = CDVCommandDelegateImpl.m; sourceTree = "<group>"; };
		7ED95D171AB9029B008C4574 /* CDVCommandQueue.h */ = {isa = PBXFileReference; fileEncoding = 4; lastKnownFileType = sourcecode.c.h; path = CDVCommandQueue.h; sourceTree = "<group>"; };
		7ED95D181AB9029B008C4574 /* CDVCommandQueue.m */ = {isa = PBXFileReference; fileEncoding = 4; lastKnownFileType = sourcecode.c.objc; path = CDVCommandQueue.m; sourceTree = "<group>"; };
		7ED95D191AB9029B008C4574 /* CDVConfigParser.h */ = {isa = PBXFileReference; fileEncoding = 4; lastKnownFileType = sourcecode.c.h; path = CDVConfigParser.h; sourceTree = "<group>"; };
		7ED95D1A1AB9029B008C4574 /* CDVConfigParser.m */ = {isa = PBXFileReference; fileEncoding = 4; lastKnownFileType = sourcecode.c.objc; path = CDVConfigParser.m; sourceTree = "<group>"; };
		7ED95D1B1AB9029B008C4574 /* CDVInvokedUrlCommand.h */ = {isa = PBXFileReference; fileEncoding = 4; lastKnownFileType = sourcecode.c.h; path = CDVInvokedUrlCommand.h; sourceTree = "<group>"; };
		7ED95D1C1AB9029B008C4574 /* CDVInvokedUrlCommand.m */ = {isa = PBXFileReference; fileEncoding = 4; lastKnownFileType = sourcecode.c.objc; path = CDVInvokedUrlCommand.m; sourceTree = "<group>"; };
		7ED95D1D1AB9029B008C4574 /* CDVPlugin+Resources.h */ = {isa = PBXFileReference; fileEncoding = 4; lastKnownFileType = sourcecode.c.h; path = "CDVPlugin+Resources.h"; sourceTree = "<group>"; };
		7ED95D1E1AB9029B008C4574 /* CDVPlugin+Resources.m */ = {isa = PBXFileReference; fileEncoding = 4; lastKnownFileType = sourcecode.c.objc; path = "CDVPlugin+Resources.m"; sourceTree = "<group>"; };
		7ED95D1F1AB9029B008C4574 /* CDVPlugin.h */ = {isa = PBXFileReference; fileEncoding = 4; lastKnownFileType = sourcecode.c.h; path = CDVPlugin.h; sourceTree = "<group>"; };
		7ED95D201AB9029B008C4574 /* CDVPlugin.m */ = {isa = PBXFileReference; fileEncoding = 4; lastKnownFileType = sourcecode.c.objc; path = CDVPlugin.m; sourceTree = "<group>"; };
		7ED95D211AB9029B008C4574 /* CDVPluginResult.h */ = {isa = PBXFileReference; fileEncoding = 4; lastKnownFileType = sourcecode.c.h; path = CDVPluginResult.h; sourceTree = "<group>"; };
		7ED95D221AB9029B008C4574 /* CDVPluginResult.m */ = {isa = PBXFileReference; fileEncoding = 4; lastKnownFileType = sourcecode.c.objc; path = CDVPluginResult.m; sourceTree = "<group>"; };
		7ED95D231AB9029B008C4574 /* CDVScreenOrientationDelegate.h */ = {isa = PBXFileReference; fileEncoding = 4; lastKnownFileType = sourcecode.c.h; path = CDVScreenOrientationDelegate.h; sourceTree = "<group>"; };
		7ED95D241AB9029B008C4574 /* CDVTimer.h */ = {isa = PBXFileReference; fileEncoding = 4; lastKnownFileType = sourcecode.c.h; path = CDVTimer.h; sourceTree = "<group>"; };
		7ED95D251AB9029B008C4574 /* CDVTimer.m */ = {isa = PBXFileReference; fileEncoding = 4; lastKnownFileType = sourcecode.c.objc; path = CDVTimer.m; sourceTree = "<group>"; };
		7ED95D261AB9029B008C4574 /* CDVURLProtocol.h */ = {isa = PBXFileReference; fileEncoding = 4; lastKnownFileType = sourcecode.c.h; path = CDVURLProtocol.h; sourceTree = "<group>"; };
		7ED95D271AB9029B008C4574 /* CDVURLProtocol.m */ = {isa = PBXFileReference; fileEncoding = 4; lastKnownFileType = sourcecode.c.objc; path = CDVURLProtocol.m; sourceTree = "<group>"; };
		7ED95D281AB9029B008C4574 /* CDVUserAgentUtil.h */ = {isa = PBXFileReference; fileEncoding = 4; lastKnownFileType = sourcecode.c.h; path = CDVUserAgentUtil.h; sourceTree = "<group>"; };
		7ED95D291AB9029B008C4574 /* CDVUserAgentUtil.m */ = {isa = PBXFileReference; fileEncoding = 4; lastKnownFileType = sourcecode.c.objc; path = CDVUserAgentUtil.m; sourceTree = "<group>"; };
		7ED95D2A1AB9029B008C4574 /* CDVViewController.h */ = {isa = PBXFileReference; fileEncoding = 4; lastKnownFileType = sourcecode.c.h; path = CDVViewController.h; sourceTree = "<group>"; };
		7ED95D2B1AB9029B008C4574 /* CDVViewController.m */ = {isa = PBXFileReference; fileEncoding = 4; lastKnownFileType = sourcecode.c.objc; path = CDVViewController.m; sourceTree = "<group>"; };
		7ED95D2C1AB9029B008C4574 /* CDVWebViewEngineProtocol.h */ = {isa = PBXFileReference; fileEncoding = 4; lastKnownFileType = sourcecode.c.h; path = CDVWebViewEngineProtocol.h; sourceTree = "<group>"; };
		7ED95D2D1AB9029B008C4574 /* CDVWhitelist.h */ = {isa = PBXFileReference; fileEncoding = 4; lastKnownFileType = sourcecode.c.h; path = CDVWhitelist.h; sourceTree = "<group>"; };
		7ED95D2E1AB9029B008C4574 /* CDVWhitelist.m */ = {isa = PBXFileReference; fileEncoding = 4; lastKnownFileType = sourcecode.c.objc; path = CDVWhitelist.m; sourceTree = "<group>"; };
		7ED95D311AB9029B008C4574 /* NSDictionary+CordovaPreferences.h */ = {isa = PBXFileReference; fileEncoding = 4; lastKnownFileType = sourcecode.c.h; path = "NSDictionary+CordovaPreferences.h"; sourceTree = "<group>"; };
		7ED95D321AB9029B008C4574 /* NSDictionary+CordovaPreferences.m */ = {isa = PBXFileReference; fileEncoding = 4; lastKnownFileType = sourcecode.c.objc; path = "NSDictionary+CordovaPreferences.m"; sourceTree = "<group>"; };
		7ED95D331AB9029B008C4574 /* NSMutableArray+QueueAdditions.h */ = {isa = PBXFileReference; fileEncoding = 4; lastKnownFileType = sourcecode.c.h; path = "NSMutableArray+QueueAdditions.h"; sourceTree = "<group>"; };
		7ED95D341AB9029B008C4574 /* NSMutableArray+QueueAdditions.m */ = {isa = PBXFileReference; fileEncoding = 4; lastKnownFileType = sourcecode.c.objc; path = "NSMutableArray+QueueAdditions.m"; sourceTree = "<group>"; };
		A3B082D21BB15CEA00D8DC35 /* CDVGestureHandler.h */ = {isa = PBXFileReference; fileEncoding = 4; lastKnownFileType = sourcecode.c.h; path = CDVGestureHandler.h; sourceTree = "<group>"; };
		A3B082D31BB15CEA00D8DC35 /* CDVGestureHandler.m */ = {isa = PBXFileReference; fileEncoding = 4; lastKnownFileType = sourcecode.c.objc; path = CDVGestureHandler.m; sourceTree = "<group>"; };
		AA747D9E0F9514B9006C5449 /* CordovaLib_Prefix.pch */ = {isa = PBXFileReference; fileEncoding = 4; lastKnownFileType = sourcecode.c.h; path = CordovaLib_Prefix.pch; sourceTree = SOURCE_ROOT; };
/* End PBXFileReference section */

/* Begin PBXFrameworksBuildPhase section */
		D2AAC07C0554694100DB518D /* Frameworks */ = {
			isa = PBXFrameworksBuildPhase;
			buildActionMask = 2147483647;
			files = (
			);
			runOnlyForDeploymentPostprocessing = 0;
		};
/* End PBXFrameworksBuildPhase section */

/* Begin PBXGroup section */
		034768DFFF38A50411DB9C8B /* Products */ = {
			isa = PBXGroup;
			children = (
				68A32D7114102E1C006B237C /* libCordova.a */,
			);
			name = Products;
			sourceTree = CORDOVALIB;
		};
		0867D691FE84028FC02AAC07 /* CordovaLib */ = {
			isa = PBXGroup;
			children = (
				7ED95D0E1AB9029B008C4574 /* Public */,
				7ED95CF11AB9028C008C4574 /* Private */,
				034768DFFF38A50411DB9C8B /* Products */,
				30325A0B136B343700982B63 /* VERSION */,
			);
			name = CordovaLib;
			sourceTree = "<group>";
		};
		3093E2201B16D6A3003F381A /* CDVIntentAndNavigationFilter */ = {
			isa = PBXGroup;
			children = (
				3093E2211B16D6A3003F381A /* CDVIntentAndNavigationFilter.h */,
				3093E2221B16D6A3003F381A /* CDVIntentAndNavigationFilter.m */,
			);
			path = CDVIntentAndNavigationFilter;
			sourceTree = "<group>";
		};
		7ED95CF11AB9028C008C4574 /* Private */ = {
			isa = PBXGroup;
			children = (
				AA747D9E0F9514B9006C5449 /* CordovaLib_Prefix.pch */,
				7ED95CF21AB9028C008C4574 /* CDVDebug.h */,
				7ED95CF31AB9028C008C4574 /* CDVJSON_private.h */,
				7ED95CF41AB9028C008C4574 /* CDVJSON_private.m */,
				7ED95CF51AB9028C008C4574 /* CDVPlugin+Private.h */,
				7ED95CF61AB9028C008C4574 /* Plugins */,
			);
			name = Private;
			path = Classes/Private;
			sourceTree = "<group>";
		};
		7ED95CF61AB9028C008C4574 /* Plugins */ = {
			isa = PBXGroup;
			children = (
				A3B082D11BB15CEA00D8DC35 /* CDVGestureHandler */,
				3093E2201B16D6A3003F381A /* CDVIntentAndNavigationFilter */,
				7ED95CF71AB9028C008C4574 /* CDVHandleOpenURL */,
				7ED95CFA1AB9028C008C4574 /* CDVLocalStorage */,
				7ED95CFD1AB9028C008C4574 /* CDVUIWebViewEngine */,
			);
			path = Plugins;
			sourceTree = "<group>";
		};
		7ED95CF71AB9028C008C4574 /* CDVHandleOpenURL */ = {
			isa = PBXGroup;
			children = (
				7ED95CF81AB9028C008C4574 /* CDVHandleOpenURL.h */,
				7ED95CF91AB9028C008C4574 /* CDVHandleOpenURL.m */,
			);
			path = CDVHandleOpenURL;
			sourceTree = "<group>";
		};
		7ED95CFA1AB9028C008C4574 /* CDVLocalStorage */ = {
			isa = PBXGroup;
			children = (
				7ED95CFB1AB9028C008C4574 /* CDVLocalStorage.h */,
				7ED95CFC1AB9028C008C4574 /* CDVLocalStorage.m */,
			);
			path = CDVLocalStorage;
			sourceTree = "<group>";
		};
		7ED95CFD1AB9028C008C4574 /* CDVUIWebViewEngine */ = {
			isa = PBXGroup;
			children = (
				30193A4E1AE6350A0069A75F /* CDVUIWebViewNavigationDelegate.m */,
				30193A4F1AE6350A0069A75F /* CDVUIWebViewNavigationDelegate.h */,
				7ED95CFE1AB9028C008C4574 /* CDVUIWebViewDelegate.h */,
				7ED95CFF1AB9028C008C4574 /* CDVUIWebViewDelegate.m */,
				7ED95D001AB9028C008C4574 /* CDVUIWebViewEngine.h */,
				7ED95D011AB9028C008C4574 /* CDVUIWebViewEngine.m */,
			);
			path = CDVUIWebViewEngine;
			sourceTree = "<group>";
		};
		7ED95D0E1AB9029B008C4574 /* Public */ = {
			isa = PBXGroup;
			children = (
				7ED95D0F1AB9029B008C4574 /* CDV.h */,
				7ED95D101AB9029B008C4574 /* CDVAppDelegate.h */,
				7ED95D111AB9029B008C4574 /* CDVAppDelegate.m */,
				7ED95D121AB9029B008C4574 /* CDVAvailability.h */,
				7ED95D131AB9029B008C4574 /* CDVAvailabilityDeprecated.h */,
				7ED95D141AB9029B008C4574 /* CDVCommandDelegate.h */,
				7ED95D151AB9029B008C4574 /* CDVCommandDelegateImpl.h */,
				7ED95D161AB9029B008C4574 /* CDVCommandDelegateImpl.m */,
				7ED95D171AB9029B008C4574 /* CDVCommandQueue.h */,
				7ED95D181AB9029B008C4574 /* CDVCommandQueue.m */,
				7ED95D191AB9029B008C4574 /* CDVConfigParser.h */,
				7ED95D1A1AB9029B008C4574 /* CDVConfigParser.m */,
				7ED95D1B1AB9029B008C4574 /* CDVInvokedUrlCommand.h */,
				7ED95D1C1AB9029B008C4574 /* CDVInvokedUrlCommand.m */,
				7ED95D1D1AB9029B008C4574 /* CDVPlugin+Resources.h */,
				7ED95D1E1AB9029B008C4574 /* CDVPlugin+Resources.m */,
				7ED95D1F1AB9029B008C4574 /* CDVPlugin.h */,
				7ED95D201AB9029B008C4574 /* CDVPlugin.m */,
				7ED95D211AB9029B008C4574 /* CDVPluginResult.h */,
				7ED95D221AB9029B008C4574 /* CDVPluginResult.m */,
				7ED95D231AB9029B008C4574 /* CDVScreenOrientationDelegate.h */,
				7ED95D241AB9029B008C4574 /* CDVTimer.h */,
				7ED95D251AB9029B008C4574 /* CDVTimer.m */,
				7ED95D261AB9029B008C4574 /* CDVURLProtocol.h */,
				7ED95D271AB9029B008C4574 /* CDVURLProtocol.m */,
				7ED95D281AB9029B008C4574 /* CDVUserAgentUtil.h */,
				7ED95D291AB9029B008C4574 /* CDVUserAgentUtil.m */,
				7ED95D2A1AB9029B008C4574 /* CDVViewController.h */,
				7ED95D2B1AB9029B008C4574 /* CDVViewController.m */,
				7ED95D2C1AB9029B008C4574 /* CDVWebViewEngineProtocol.h */,
				7ED95D2D1AB9029B008C4574 /* CDVWhitelist.h */,
				7ED95D2E1AB9029B008C4574 /* CDVWhitelist.m */,
				7ED95D311AB9029B008C4574 /* NSDictionary+CordovaPreferences.h */,
				7ED95D321AB9029B008C4574 /* NSDictionary+CordovaPreferences.m */,
				7ED95D331AB9029B008C4574 /* NSMutableArray+QueueAdditions.h */,
				7ED95D341AB9029B008C4574 /* NSMutableArray+QueueAdditions.m */,
			);
			name = Public;
			path = Classes/Public;
			sourceTree = "<group>";
		};
		A3B082D11BB15CEA00D8DC35 /* CDVGestureHandler */ = {
			isa = PBXGroup;
			children = (
				A3B082D21BB15CEA00D8DC35 /* CDVGestureHandler.h */,
				A3B082D31BB15CEA00D8DC35 /* CDVGestureHandler.m */,
			);
			path = CDVGestureHandler;
			sourceTree = "<group>";
		};
/* End PBXGroup section */

/* Begin PBXHeadersBuildPhase section */
		D2AAC07A0554694100DB518D /* Headers */ = {
			isa = PBXHeadersBuildPhase;
			buildActionMask = 2147483647;
			files = (
				7ED95D521AB9029B008C4574 /* CDVWebViewEngineProtocol.h in Headers */,
				7ED95D491AB9029B008C4574 /* CDVScreenOrientationDelegate.h in Headers */,
				7ED95D351AB9029B008C4574 /* CDV.h in Headers */,
				A3B082D41BB15CEA00D8DC35 /* CDVGestureHandler.h in Headers */,
				7ED95D3B1AB9029B008C4574 /* CDVCommandDelegateImpl.h in Headers */,
				7ED95D3D1AB9029B008C4574 /* CDVCommandQueue.h in Headers */,
				7ED95D531AB9029B008C4574 /* CDVWhitelist.h in Headers */,
				7ED95D361AB9029B008C4574 /* CDVAppDelegate.h in Headers */,
				7ED95D431AB9029B008C4574 /* CDVPlugin+Resources.h in Headers */,
				7ED95D381AB9029B008C4574 /* CDVAvailability.h in Headers */,
				7ED95D0A1AB9028C008C4574 /* CDVUIWebViewDelegate.h in Headers */,
				7ED95D471AB9029B008C4574 /* CDVPluginResult.h in Headers */,
				7ED95D591AB9029B008C4574 /* NSMutableArray+QueueAdditions.h in Headers */,
				7ED95D411AB9029B008C4574 /* CDVInvokedUrlCommand.h in Headers */,
				7ED95D571AB9029B008C4574 /* NSDictionary+CordovaPreferences.h in Headers */,
				7ED95D451AB9029B008C4574 /* CDVPlugin.h in Headers */,
				7ED95D4C1AB9029B008C4574 /* CDVURLProtocol.h in Headers */,
				7ED95D3A1AB9029B008C4574 /* CDVCommandDelegate.h in Headers */,
				7ED95D391AB9029B008C4574 /* CDVAvailabilityDeprecated.h in Headers */,
				7ED95D4E1AB9029B008C4574 /* CDVUserAgentUtil.h in Headers */,
				7ED95D4A1AB9029B008C4574 /* CDVTimer.h in Headers */,
				7ED95D3F1AB9029B008C4574 /* CDVConfigParser.h in Headers */,
				7ED95D501AB9029B008C4574 /* CDVViewController.h in Headers */,
				7ED95D031AB9028C008C4574 /* CDVJSON_private.h in Headers */,
				7ED95D021AB9028C008C4574 /* CDVDebug.h in Headers */,
				7ED95D051AB9028C008C4574 /* CDVPlugin+Private.h in Headers */,
				7E7F69B61ABA35D8007546F4 /* CDVLocalStorage.h in Headers */,
				3093E2231B16D6A3003F381A /* CDVIntentAndNavigationFilter.h in Headers */,
				7E7F69B81ABA368F007546F4 /* CDVUIWebViewEngine.h in Headers */,
				7E7F69B91ABA3692007546F4 /* CDVHandleOpenURL.h in Headers */,
				30193A511AE6350A0069A75F /* CDVUIWebViewNavigationDelegate.h in Headers */,
			);
			runOnlyForDeploymentPostprocessing = 0;
		};
/* End PBXHeadersBuildPhase section */

/* Begin PBXNativeTarget section */
		D2AAC07D0554694100DB518D /* CordovaLib */ = {
			isa = PBXNativeTarget;
			buildConfigurationList = 1DEB921E08733DC00010E9CD /* Build configuration list for PBXNativeTarget "CordovaLib" */;
			buildPhases = (
				D2AAC07A0554694100DB518D /* Headers */,
				D2AAC07B0554694100DB518D /* Sources */,
				D2AAC07C0554694100DB518D /* Frameworks */,
			);
			buildRules = (
			);
			dependencies = (
			);
			name = CordovaLib;
			productName = CordovaLib;
			productReference = 68A32D7114102E1C006B237C /* libCordova.a */;
			productType = "com.apple.product-type.library.static";
		};
/* End PBXNativeTarget section */

/* Begin PBXProject section */
		0867D690FE84028FC02AAC07 /* Project object */ = {
			isa = PBXProject;
			attributes = {
				LastUpgradeCheck = 0720;
			};
			buildConfigurationList = 1DEB922208733DC00010E9CD /* Build configuration list for PBXProject "CordovaLib" */;
			compatibilityVersion = "Xcode 3.2";
			developmentRegion = English;
			hasScannedForEncodings = 1;
			knownRegions = (
				English,
				Japanese,
				French,
				German,
				en,
			);
			mainGroup = 0867D691FE84028FC02AAC07 /* CordovaLib */;
			productRefGroup = 034768DFFF38A50411DB9C8B /* Products */;
			projectDirPath = "";
			projectRoot = "";
			targets = (
				D2AAC07D0554694100DB518D /* CordovaLib */,
			);
		};
/* End PBXProject section */

/* Begin PBXSourcesBuildPhase section */
		D2AAC07B0554694100DB518D /* Sources */ = {
			isa = PBXSourcesBuildPhase;
			buildActionMask = 2147483647;
			files = (
				7ED95D511AB9029B008C4574 /* CDVViewController.m in Sources */,
				7ED95D581AB9029B008C4574 /* NSDictionary+CordovaPreferences.m in Sources */,
				7ED95D371AB9029B008C4574 /* CDVAppDelegate.m in Sources */,
				7ED95D0B1AB9028C008C4574 /* CDVUIWebViewDelegate.m in Sources */,
				7ED95D3C1AB9029B008C4574 /* CDVCommandDelegateImpl.m in Sources */,
				7ED95D041AB9028C008C4574 /* CDVJSON_private.m in Sources */,
				7ED95D541AB9029B008C4574 /* CDVWhitelist.m in Sources */,
				7ED95D421AB9029B008C4574 /* CDVInvokedUrlCommand.m in Sources */,
				7ED95D4B1AB9029B008C4574 /* CDVTimer.m in Sources */,
				7ED95D4F1AB9029B008C4574 /* CDVUserAgentUtil.m in Sources */,
				7ED95D401AB9029B008C4574 /* CDVConfigParser.m in Sources */,
				A3B082D51BB15CEA00D8DC35 /* CDVGestureHandler.m in Sources */,
				7ED95D071AB9028C008C4574 /* CDVHandleOpenURL.m in Sources */,
				30193A501AE6350A0069A75F /* CDVUIWebViewNavigationDelegate.m in Sources */,
				7ED95D5A1AB9029B008C4574 /* NSMutableArray+QueueAdditions.m in Sources */,
				7ED95D3E1AB9029B008C4574 /* CDVCommandQueue.m in Sources */,
				7ED95D481AB9029B008C4574 /* CDVPluginResult.m in Sources */,
				7ED95D441AB9029B008C4574 /* CDVPlugin+Resources.m in Sources */,
				7ED95D4D1AB9029B008C4574 /* CDVURLProtocol.m in Sources */,
				7ED95D0D1AB9028C008C4574 /* CDVUIWebViewEngine.m in Sources */,
				7ED95D461AB9029B008C4574 /* CDVPlugin.m in Sources */,
				7ED95D091AB9028C008C4574 /* CDVLocalStorage.m in Sources */,
				3093E2241B16D6A3003F381A /* CDVIntentAndNavigationFilter.m in Sources */,
			);
			runOnlyForDeploymentPostprocessing = 0;
		};
/* End PBXSourcesBuildPhase section */

/* Begin XCBuildConfiguration section */
		1DEB921F08733DC00010E9CD /* Debug */ = {
			isa = XCBuildConfiguration;
			buildSettings = {
				ALWAYS_SEARCH_USER_PATHS = NO;
				CLANG_ENABLE_MODULES = YES;
				CLANG_ENABLE_OBJC_ARC = YES;
				COPY_PHASE_STRIP = NO;
				DSTROOT = "/tmp/$(PROJECT_NAME).dst";
				GCC_DYNAMIC_NO_PIC = NO;
				GCC_MODEL_TUNING = G5;
				GCC_OPTIMIZATION_LEVEL = 0;
				GCC_PRECOMPILE_PREFIX_HEADER = YES;
				GCC_PREFIX_HEADER = CordovaLib_Prefix.pch;
				GCC_PREPROCESSOR_DEFINITIONS = "";
				GCC_THUMB_SUPPORT = NO;
				GCC_VERSION = "";
				INSTALL_PATH = /usr/local/lib;
				IPHONEOS_DEPLOYMENT_TARGET = 6.0;
				PRODUCT_NAME = Cordova;
				PUBLIC_HEADERS_FOLDER_PATH = include/Cordova;
				SKIP_INSTALL = YES;
			};
			name = Debug;
		};
		1DEB922008733DC00010E9CD /* Release */ = {
			isa = XCBuildConfiguration;
			buildSettings = {
				ALWAYS_SEARCH_USER_PATHS = NO;
				CLANG_ENABLE_MODULES = YES;
				CLANG_ENABLE_OBJC_ARC = YES;
				DSTROOT = "/tmp/$(PROJECT_NAME).dst";
				GCC_MODEL_TUNING = G5;
				GCC_PRECOMPILE_PREFIX_HEADER = YES;
				GCC_PREFIX_HEADER = CordovaLib_Prefix.pch;
				GCC_PREPROCESSOR_DEFINITIONS = "";
				GCC_THUMB_SUPPORT = NO;
				GCC_VERSION = "";
				INSTALL_PATH = /usr/local/lib;
				IPHONEOS_DEPLOYMENT_TARGET = 7.0;
				PRODUCT_NAME = Cordova;
				PUBLIC_HEADERS_FOLDER_PATH = include/Cordova;
				SKIP_INSTALL = YES;
			};
			name = Release;
		};
		1DEB922308733DC00010E9CD /* Debug */ = {
			isa = XCBuildConfiguration;
			buildSettings = {
				CLANG_WARN_BOOL_CONVERSION = YES;
				CLANG_WARN_CONSTANT_CONVERSION = YES;
				CLANG_WARN_EMPTY_BODY = YES;
				CLANG_WARN_ENUM_CONVERSION = YES;
				CLANG_WARN_INT_CONVERSION = YES;
				CLANG_WARN__DUPLICATE_METHOD_MATCH = YES;
				ENABLE_TESTABILITY = YES;
				GCC_C_LANGUAGE_STANDARD = c99;
				GCC_OPTIMIZATION_LEVEL = 0;
				GCC_PREPROCESSOR_DEFINITIONS = "";
				GCC_THUMB_SUPPORT = NO;
				GCC_VERSION = "";
				GCC_WARN_ABOUT_RETURN_TYPE = YES;
				GCC_WARN_UNDECLARED_SELECTOR = YES;
				GCC_WARN_UNINITIALIZED_AUTOS = YES;
				GCC_WARN_UNUSED_FUNCTION = YES;
				GCC_WARN_UNUSED_VARIABLE = YES;
				IPHONEOS_DEPLOYMENT_TARGET = 7.0;
				ONLY_ACTIVE_ARCH = YES;
				OTHER_CFLAGS = "-DDEBUG";
				PUBLIC_HEADERS_FOLDER_PATH = include/Cordova;
				SDKROOT = iphoneos;
				SKIP_INSTALL = YES;
				TARGETED_DEVICE_FAMILY = "1,2";
				USER_HEADER_SEARCH_PATHS = "";
			};
			name = Debug;
		};
		1DEB922408733DC00010E9CD /* Release */ = {
			isa = XCBuildConfiguration;
			buildSettings = {
				CLANG_WARN_BOOL_CONVERSION = YES;
				CLANG_WARN_CONSTANT_CONVERSION = YES;
				CLANG_WARN_EMPTY_BODY = YES;
				CLANG_WARN_ENUM_CONVERSION = YES;
				CLANG_WARN_INT_CONVERSION = YES;
				CLANG_WARN__DUPLICATE_METHOD_MATCH = YES;
				GCC_C_LANGUAGE_STANDARD = c99;
				GCC_PREPROCESSOR_DEFINITIONS = "";
				GCC_THUMB_SUPPORT = NO;
				GCC_VERSION = "";
				GCC_WARN_ABOUT_RETURN_TYPE = YES;
				GCC_WARN_UNDECLARED_SELECTOR = YES;
				GCC_WARN_UNINITIALIZED_AUTOS = YES;
				GCC_WARN_UNUSED_FUNCTION = YES;
				GCC_WARN_UNUSED_VARIABLE = YES;
				IPHONEOS_DEPLOYMENT_TARGET = 7.0;
				ONLY_ACTIVE_ARCH = NO;
				PUBLIC_HEADERS_FOLDER_PATH = include/Cordova;
				SDKROOT = iphoneos;
				SKIP_INSTALL = YES;
				TARGETED_DEVICE_FAMILY = "1,2";
			};
			name = Release;
		};
/* End XCBuildConfiguration section */

/* Begin XCConfigurationList section */
		1DEB921E08733DC00010E9CD /* Build configuration list for PBXNativeTarget "CordovaLib" */ = {
			isa = XCConfigurationList;
			buildConfigurations = (
				1DEB921F08733DC00010E9CD /* Debug */,
				1DEB922008733DC00010E9CD /* Release */,
			);
			defaultConfigurationIsVisible = 0;
			defaultConfigurationName = Release;
		};
		1DEB922208733DC00010E9CD /* Build configuration list for PBXProject "CordovaLib" */ = {
			isa = XCConfigurationList;
			buildConfigurations = (
				1DEB922308733DC00010E9CD /* Debug */,
				1DEB922408733DC00010E9CD /* Release */,
			);
			defaultConfigurationIsVisible = 0;
			defaultConfigurationName = Release;
		};
/* End XCConfigurationList section */
	};
	rootObject = 0867D690FE84028FC02AAC07 /* Project object */;
}
